// !$*UTF8*$!
{
	archiveVersion = 1;
	classes = {
	};
	objectVersion = 50;
	objects = {

/* Begin PBXBuildFile section */
		A7281CFF21236E29004CB420 /* AppDelegate.swift in Sources */ = {isa = PBXBuildFile; fileRef = A7281CFE21236E29004CB420 /* AppDelegate.swift */; };
		A7281D0421236E29004CB420 /* Main.storyboard in Resources */ = {isa = PBXBuildFile; fileRef = A7281D0221236E29004CB420 /* Main.storyboard */; };
		A7281D0621236E2A004CB420 /* Assets.xcassets in Resources */ = {isa = PBXBuildFile; fileRef = A7281D0521236E2A004CB420 /* Assets.xcassets */; };
		A7281D0921236E2A004CB420 /* LaunchScreen.storyboard in Resources */ = {isa = PBXBuildFile; fileRef = A7281D0721236E2A004CB420 /* LaunchScreen.storyboard */; };
		A7281D13212378A5004CB420 /* ItemsViewController.swift in Sources */ = {isa = PBXBuildFile; fileRef = A7281D12212378A5004CB420 /* ItemsViewController.swift */; };
		A7281D1521237E51004CB420 /* ItemStore.swift in Sources */ = {isa = PBXBuildFile; fileRef = A7281D1421237E51004CB420 /* ItemStore.swift */; };
		A7281D1721246AF8004CB420 /* ItemCell.swift in Sources */ = {isa = PBXBuildFile; fileRef = A7281D1621246AF8004CB420 /* ItemCell.swift */; };
		A7281D192124978B004CB420 /* DetailViewController.swift in Sources */ = {isa = PBXBuildFile; fileRef = A7281D182124978B004CB420 /* DetailViewController.swift */; };
		A7281D1B212510BE004CB420 /* Item.swift in Sources */ = {isa = PBXBuildFile; fileRef = A7281D1A212510BE004CB420 /* Item.swift */; };
		A7281D1D2125476F004CB420 /* ImageStore.swift in Sources */ = {isa = PBXBuildFile; fileRef = A7281D1C2125476F004CB420 /* ImageStore.swift */; };
/* End PBXBuildFile section */

/* Begin PBXFileReference section */
		A7281CFB21236E29004CB420 /* Homepwner.app */ = {isa = PBXFileReference; explicitFileType = wrapper.application; includeInIndex = 0; path = Homepwner.app; sourceTree = BUILT_PRODUCTS_DIR; };
		A7281CFE21236E29004CB420 /* AppDelegate.swift */ = {isa = PBXFileReference; lastKnownFileType = sourcecode.swift; path = AppDelegate.swift; sourceTree = "<group>"; };
		A7281D0321236E29004CB420 /* Base */ = {isa = PBXFileReference; lastKnownFileType = file.storyboard; name = Base; path = Base.lproj/Main.storyboard; sourceTree = "<group>"; };
		A7281D0521236E2A004CB420 /* Assets.xcassets */ = {isa = PBXFileReference; lastKnownFileType = folder.assetcatalog; path = Assets.xcassets; sourceTree = "<group>"; };
		A7281D0821236E2A004CB420 /* Base */ = {isa = PBXFileReference; lastKnownFileType = file.storyboard; name = Base; path = Base.lproj/LaunchScreen.storyboard; sourceTree = "<group>"; };
		A7281D0A21236E2A004CB420 /* Info.plist */ = {isa = PBXFileReference; lastKnownFileType = text.plist.xml; path = Info.plist; sourceTree = "<group>"; };
		A7281D12212378A5004CB420 /* ItemsViewController.swift */ = {isa = PBXFileReference; lastKnownFileType = sourcecode.swift; path = ItemsViewController.swift; sourceTree = "<group>"; };
		A7281D1421237E51004CB420 /* ItemStore.swift */ = {isa = PBXFileReference; lastKnownFileType = sourcecode.swift; path = ItemStore.swift; sourceTree = "<group>"; };
		A7281D1621246AF8004CB420 /* ItemCell.swift */ = {isa = PBXFileReference; lastKnownFileType = sourcecode.swift; path = ItemCell.swift; sourceTree = "<group>"; };
		A7281D182124978B004CB420 /* DetailViewController.swift */ = {isa = PBXFileReference; lastKnownFileType = sourcecode.swift; path = DetailViewController.swift; sourceTree = "<group>"; };
		A7281D1A212510BE004CB420 /* Item.swift */ = {isa = PBXFileReference; lastKnownFileType = sourcecode.swift; path = Item.swift; sourceTree = "<group>"; };
		A7281D1C2125476F004CB420 /* ImageStore.swift */ = {isa = PBXFileReference; lastKnownFileType = sourcecode.swift; path = ImageStore.swift; sourceTree = "<group>"; };
/* End PBXFileReference section */

/* Begin PBXFrameworksBuildPhase section */
		A7281CF821236E29004CB420 /* Frameworks */ = {
			isa = PBXFrameworksBuildPhase;
			buildActionMask = 2147483647;
			files = (
			);
			runOnlyForDeploymentPostprocessing = 0;
		};
/* End PBXFrameworksBuildPhase section */

/* Begin PBXGroup section */
		A7281CF221236E29004CB420 = {
			isa = PBXGroup;
			children = (
				A7281CFD21236E29004CB420 /* Homepwner */,
				A7281CFC21236E29004CB420 /* Products */,
			);
			sourceTree = "<group>";
		};
		A7281CFC21236E29004CB420 /* Products */ = {
			isa = PBXGroup;
			children = (
				A7281CFB21236E29004CB420 /* Homepwner.app */,
			);
			name = Products;
			sourceTree = "<group>";
		};
		A7281CFD21236E29004CB420 /* Homepwner */ = {
			isa = PBXGroup;
			children = (
				A7281CFE21236E29004CB420 /* AppDelegate.swift */,
				A7281D12212378A5004CB420 /* ItemsViewController.swift */,
				A7281D1A212510BE004CB420 /* Item.swift */,
				A7281D1621246AF8004CB420 /* ItemCell.swift */,
				A7281D1421237E51004CB420 /* ItemStore.swift */,
				A7281D0221236E29004CB420 /* Main.storyboard */,
				A7281D182124978B004CB420 /* DetailViewController.swift */,
				A7281D1C2125476F004CB420 /* ImageStore.swift */,
				A7281D0521236E2A004CB420 /* Assets.xcassets */,
				A7281D0721236E2A004CB420 /* LaunchScreen.storyboard */,
				A7281D0A21236E2A004CB420 /* Info.plist */,
			);
			path = Homepwner;
			sourceTree = "<group>";
		};
/* End PBXGroup section */

/* Begin PBXNativeTarget section */
		A7281CFA21236E29004CB420 /* Homepwner */ = {
			isa = PBXNativeTarget;
			buildConfigurationList = A7281D0D21236E2A004CB420 /* Build configuration list for PBXNativeTarget "Homepwner" */;
			buildPhases = (
				A7281CF721236E29004CB420 /* Sources */,
				A7281CF821236E29004CB420 /* Frameworks */,
				A7281CF921236E29004CB420 /* Resources */,
			);
			buildRules = (
			);
			dependencies = (
			);
			name = Homepwner;
			productName = Homepwner;
			productReference = A7281CFB21236E29004CB420 /* Homepwner.app */;
			productType = "com.apple.product-type.application";
		};
/* End PBXNativeTarget section */

/* Begin PBXProject section */
		A7281CF321236E29004CB420 /* Project object */ = {
			isa = PBXProject;
			attributes = {
				LastSwiftUpdateCheck = 0940;
				LastUpgradeCheck = 0940;
				ORGANIZATIONNAME = "NOCDIB, Inc.";
				TargetAttributes = {
					A7281CFA21236E29004CB420 = {
						CreatedOnToolsVersion = 9.4.1;
					};
				};
			};
			buildConfigurationList = A7281CF621236E29004CB420 /* Build configuration list for PBXProject "Homepwner" */;
			compatibilityVersion = "Xcode 9.3";
			developmentRegion = en;
			hasScannedForEncodings = 0;
			knownRegions = (
				en,
				Base,
			);
			mainGroup = A7281CF221236E29004CB420;
			productRefGroup = A7281CFC21236E29004CB420 /* Products */;
			projectDirPath = "";
			projectRoot = "";
			targets = (
				A7281CFA21236E29004CB420 /* Homepwner */,
			);
		};
/* End PBXProject section */

/* Begin PBXResourcesBuildPhase section */
		A7281CF921236E29004CB420 /* Resources */ = {
			isa = PBXResourcesBuildPhase;
			buildActionMask = 2147483647;
			files = (
				A7281D0921236E2A004CB420 /* LaunchScreen.storyboard in Resources */,
				A7281D0621236E2A004CB420 /* Assets.xcassets in Resources */,
				A7281D0421236E29004CB420 /* Main.storyboard in Resources */,
			);
			runOnlyForDeploymentPostprocessing = 0;
		};
/* End PBXResourcesBuildPhase section */

/* Begin PBXSourcesBuildPhase section */
		A7281CF721236E29004CB420 /* Sources */ = {
			isa = PBXSourcesBuildPhase;
			buildActionMask = 2147483647;
			files = (
				A7281D1721246AF8004CB420 /* ItemCell.swift in Sources */,
				A7281D13212378A5004CB420 /* ItemsViewController.swift in Sources */,
				A7281D192124978B004CB420 /* DetailViewController.swift in Sources */,
				A7281CFF21236E29004CB420 /* AppDelegate.swift in Sources */,
				A7281D1B212510BE004CB420 /* Item.swift in Sources */,
				A7281D1D2125476F004CB420 /* ImageStore.swift in Sources */,
				A7281D1521237E51004CB420 /* ItemStore.swift in Sources */,
			);
			runOnlyForDeploymentPostprocessing = 0;
		};
/* End PBXSourcesBuildPhase section */

/* Begin PBXVariantGroup section */
		A7281D0221236E29004CB420 /* Main.storyboard */ = {
			isa = PBXVariantGroup;
			children = (
				A7281D0321236E29004CB420 /* Base */,
			);
			name = Main.storyboard;
			sourceTree = "<group>";
		};
		A7281D0721236E2A004CB420 /* LaunchScreen.storyboard */ = {
			isa = PBXVariantGroup;
			children = (
				A7281D0821236E2A004CB420 /* Base */,
			);
			name = LaunchScreen.storyboard;
			sourceTree = "<group>";
		};
/* End PBXVariantGroup section */

/* Begin XCBuildConfiguration section */
		A7281D0B21236E2A004CB420 /* Debug */ = {
			isa = XCBuildConfiguration;
			buildSettings = {
				ALWAYS_SEARCH_USER_PATHS = NO;
				CLANG_ANALYZER_NONNULL = YES;
				CLANG_ANALYZER_NUMBER_OBJECT_CONVERSION = YES_AGGRESSIVE;
				CLANG_CXX_LANGUAGE_STANDARD = "gnu++14";
				CLANG_CXX_LIBRARY = "libc++";
				CLANG_ENABLE_MODULES = YES;
				CLANG_ENABLE_OBJC_ARC = YES;
				CLANG_ENABLE_OBJC_WEAK = YES;
				CLANG_WARN_BLOCK_CAPTURE_AUTORELEASING = YES;
				CLANG_WARN_BOOL_CONVERSION = YES;
				CLANG_WARN_COMMA = YES;
				CLANG_WARN_CONSTANT_CONVERSION = YES;
				CLANG_WARN_DEPRECATED_OBJC_IMPLEMENTATIONS = YES;
				CLANG_WARN_DIRECT_OBJC_ISA_USAGE = YES_ERROR;
				CLANG_WARN_DOCUMENTATION_COMMENTS = YES;
				CLANG_WARN_EMPTY_BODY = YES;
				CLANG_WARN_ENUM_CONVERSION = YES;
				CLANG_WARN_INFINITE_RECURSION = YES;
				CLANG_WARN_INT_CONVERSION = YES;
				CLANG_WARN_NON_LITERAL_NULL_CONVERSION = YES;
				CLANG_WARN_OBJC_IMPLICIT_RETAIN_SELF = YES;
				CLANG_WARN_OBJC_LITERAL_CONVERSION = YES;
				CLANG_WARN_OBJC_ROOT_CLASS = YES_ERROR;
				CLANG_WARN_RANGE_LOOP_ANALYSIS = YES;
				CLANG_WARN_STRICT_PROTOTYPES = YES;
				CLANG_WARN_SUSPICIOUS_MOVE = YES;
				CLANG_WARN_UNGUARDED_AVAILABILITY = YES_AGGRESSIVE;
				CLANG_WARN_UNREACHABLE_CODE = YES;
				CLANG_WARN__DUPLICATE_METHOD_MATCH = YES;
				CODE_SIGN_IDENTITY = "iPhone Developer";
				COPY_PHASE_STRIP = NO;
				DEBUG_INFORMATION_FORMAT = dwarf;
				ENABLE_STRICT_OBJC_MSGSEND = YES;
				ENABLE_TESTABILITY = YES;
				GCC_C_LANGUAGE_STANDARD = gnu11;
				GCC_DYNAMIC_NO_PIC = NO;
				GCC_NO_COMMON_BLOCKS = YES;
				GCC_OPTIMIZATION_LEVEL = 0;
				GCC_PREPROCESSOR_DEFINITIONS = (
					"DEBUG=1",
					"$(inherited)",
				);
				GCC_WARN_64_TO_32_BIT_CONVERSION = YES;
				GCC_WARN_ABOUT_RETURN_TYPE = YES_ERROR;
				GCC_WARN_UNDECLARED_SELECTOR = YES;
				GCC_WARN_UNINITIALIZED_AUTOS = YES_AGGRESSIVE;
				GCC_WARN_UNUSED_FUNCTION = YES;
				GCC_WARN_UNUSED_VARIABLE = YES;
				IPHONEOS_DEPLOYMENT_TARGET = 11.4;
				MTL_ENABLE_DEBUG_INFO = YES;
				ONLY_ACTIVE_ARCH = YES;
				SDKROOT = iphoneos;
				SWIFT_ACTIVE_COMPILATION_CONDITIONS = DEBUG;
				SWIFT_OPTIMIZATION_LEVEL = "-Onone";
			};
			name = Debug;
		};
		A7281D0C21236E2A004CB420 /* Release */ = {
			isa = XCBuildConfiguration;
			buildSettings = {
				ALWAYS_SEARCH_USER_PATHS = NO;
				CLANG_ANALYZER_NONNULL = YES;
				CLANG_ANALYZER_NUMBER_OBJECT_CONVERSION = YES_AGGRESSIVE;
				CLANG_CXX_LANGUAGE_STANDARD = "gnu++14";
				CLANG_CXX_LIBRARY = "libc++";
				CLANG_ENABLE_MODULES = YES;
				CLANG_ENABLE_OBJC_ARC = YES;
				CLANG_ENABLE_OBJC_WEAK = YES;
				CLANG_WARN_BLOCK_CAPTURE_AUTORELEASING = YES;
				CLANG_WARN_BOOL_CONVERSION = YES;
				CLANG_WARN_COMMA = YES;
				CLANG_WARN_CONSTANT_CONVERSION = YES;
				CLANG_WARN_DEPRECATED_OBJC_IMPLEMENTATIONS = YES;
				CLANG_WARN_DIRECT_OBJC_ISA_USAGE = YES_ERROR;
				CLANG_WARN_DOCUMENTATION_COMMENTS = YES;
				CLANG_WARN_EMPTY_BODY = YES;
				CLANG_WARN_ENUM_CONVERSION = YES;
				CLANG_WARN_INFINITE_RECURSION = YES;
				CLANG_WARN_INT_CONVERSION = YES;
				CLANG_WARN_NON_LITERAL_NULL_CONVERSION = YES;
				CLANG_WARN_OBJC_IMPLICIT_RETAIN_SELF = YES;
				CLANG_WARN_OBJC_LITERAL_CONVERSION = YES;
				CLANG_WARN_OBJC_ROOT_CLASS = YES_ERROR;
				CLANG_WARN_RANGE_LOOP_ANALYSIS = YES;
				CLANG_WARN_STRICT_PROTOTYPES = YES;
				CLANG_WARN_SUSPICIOUS_MOVE = YES;
				CLANG_WARN_UNGUARDED_AVAILABILITY = YES_AGGRESSIVE;
				CLANG_WARN_UNREACHABLE_CODE = YES;
				CLANG_WARN__DUPLICATE_METHOD_MATCH = YES;
				CODE_SIGN_IDENTITY = "iPhone Developer";
				COPY_PHASE_STRIP = NO;
				DEBUG_INFORMATION_FORMAT = "dwarf-with-dsym";
				ENABLE_NS_ASSERTIONS = NO;
				ENABLE_STRICT_OBJC_MSGSEND = YES;
				GCC_C_LANGUAGE_STANDARD = gnu11;
				GCC_NO_COMMON_BLOCKS = YES;
				GCC_WARN_64_TO_32_BIT_CONVERSION = YES;
				GCC_WARN_ABOUT_RETURN_TYPE = YES_ERROR;
				GCC_WARN_UNDECLARED_SELECTOR = YES;
				GCC_WARN_UNINITIALIZED_AUTOS = YES_AGGRESSIVE;
				GCC_WARN_UNUSED_FUNCTION = YES;
				GCC_WARN_UNUSED_VARIABLE = YES;
				IPHONEOS_DEPLOYMENT_TARGET = 11.4;
				MTL_ENABLE_DEBUG_INFO = NO;
				SDKROOT = iphoneos;
				SWIFT_COMPILATION_MODE = wholemodule;
				SWIFT_OPTIMIZATION_LEVEL = "-O";
				VALIDATE_PRODUCT = YES;
			};
			name = Release;
		};
		A7281D0E21236E2A004CB420 /* Debug */ = {
			isa = XCBuildConfiguration;
			buildSettings = {
				ASSETCATALOG_COMPILER_APPICON_NAME = AppIcon;
				CODE_SIGN_STYLE = Automatic;
				DEVELOPMENT_TEAM = C3TPZYMY3Y;
				INFOPLIST_FILE = Homepwner/Info.plist;
				LD_RUNPATH_SEARCH_PATHS = (
					"$(inherited)",
					"@executable_path/Frameworks",
				);
				PRODUCT_BUNDLE_IDENTIFIER = com.nocdib.Homepwner;
				PRODUCT_NAME = "$(TARGET_NAME)";
				SWIFT_VERSION = 4.0;
				TARGETED_DEVICE_FAMILY = "1,2";
			};
			name = Debug;
		};
		A7281D0F21236E2A004CB420 /* Release */ = {
			isa = XCBuildConfiguration;
			buildSettings = {
				ASSETCATALOG_COMPILER_APPICON_NAME = AppIcon;
				CODE_SIGN_STYLE = Automatic;
				DEVELOPMENT_TEAM = C3TPZYMY3Y;
				INFOPLIST_FILE = Homepwner/Info.plist;
				LD_RUNPATH_SEARCH_PATHS = (
					"$(inherited)",
					"@executable_path/Frameworks",
				);
				PRODUCT_BUNDLE_IDENTIFIER = com.nocdib.Homepwner;
				PRODUCT_NAME = "$(TARGET_NAME)";
				SWIFT_VERSION = 4.0;
				TARGETED_DEVICE_FAMILY = "1,2";
			};
			name = Release;
		};
/* End XCBuildConfiguration section */

/* Begin XCConfigurationList section */
		A7281CF621236E29004CB420 /* Build configuration list for PBXProject "Homepwner" */ = {
			isa = XCConfigurationList;
			buildConfigurations = (
				A7281D0B21236E2A004CB420 /* Debug */,
				A7281D0C21236E2A004CB420 /* Release */,
			);
			defaultConfigurationIsVisible = 0;
			defaultConfigurationName = Release;
		};
		A7281D0D21236E2A004CB420 /* Build configuration list for PBXNativeTarget "Homepwner" */ = {
			isa = XCConfigurationList;
			buildConfigurations = (
				A7281D0E21236E2A004CB420 /* Debug */,
				A7281D0F21236E2A004CB420 /* Release */,
			);
			defaultConfigurationIsVisible = 0;
			defaultConfigurationName = Release;
		};
/* End XCConfigurationList section */
	};
	rootObject = A7281CF321236E29004CB420 /* Project object */;
}
